
Microsoft Visual Studio Solution File, Format Version 12.00
# Visual Studio Version 16
VisualStudioVersion = 16.0.32228.343
MinimumVisualStudioVersion = 10.0.40219.1
Project("{FAE04EC0-301F-11D3-BF4B-00C04F79EFBC}") = "B0226497_段昱如_PDPR_week13_2", "B0226497_段昱如_PDPR_week13_2.csproj", "{62C3E434-73C5-41D7-A059-AF7C2C3F235A}"
EndProject
Global
	GlobalSection(SolutionConfigurationPlatforms) = preSolution
		Debug|Any CPU = Debug|Any CPU
		Release|Any CPU = Release|Any CPU
	EndGlobalSection
	GlobalSection(ProjectConfigurationPlatforms) = postSolution
		{62C3E434-73C5-41D7-A059-AF7C2C3F235A}.Debug|Any CPU.ActiveCfg = Debug|Any CPU
		{62C3E434-73C5-41D7-A059-AF7C2C3F235A}.Debug|Any CPU.Build.0 = Debug|Any CPU
		{62C3E434-73C5-41D7-A059-AF7C2C3F235A}.Release|Any CPU.ActiveCfg = Release|Any CPU
		{62C3E434-73C5-41D7-A059-AF7C2C3F235A}.Release|Any CPU.Build.0 = Release|Any CPU
	EndGlobalSection
	GlobalSection(SolutionProperties) = preSolution
		HideSolutionNode = FALSE
	EndGlobalSection
	GlobalSection(ExtensibilityGlobals) = postSolution
		SolutionGuid = {DF1AB27D-2D24-4A57-BD14-4D593CEE8BB3}
	EndGlobalSection
EndGlobal
